
Microsoft Visual Studio Solution File, Format Version 12.00
# Visual Studio Version 17
VisualStudioVersion = 17.9.34607.119
MinimumVisualStudioVersion = 10.0.40219.1
Project("{9A19103F-16F7-4668-BE54-9A1E7A4F7556}") = "Server.API", "Server.API\Server.API.csproj", "{A0E56AA2-5570-45A0-ACD8-06B690EB3BED}"
EndProject
Project("{FAE04EC0-301F-11D3-BF4B-00C04F79EFBC}") = "Server.Data", "Server.Data\Server.Data.csproj", "{F1708A86-C7B7-4C4C-B43F-742B253118B7}"
EndProject
Project("{FAE04EC0-301F-11D3-BF4B-00C04F79EFBC}") = "Server.Infrastructure", "Server.Infrastructure\Server.Infrastructure.csproj", "{A9BF6C2C-A570-4FA1-9C22-7048B85C0A20}"
EndProject
Global
	GlobalSection(SolutionConfigurationPlatforms) = preSolution
		Debug|Any CPU = Debug|Any CPU
		Release|Any CPU = Release|Any CPU
	EndGlobalSection
	GlobalSection(ProjectConfigurationPlatforms) = postSolution
		{A0E56AA2-5570-45A0-ACD8-06B690EB3BED}.Debug|Any CPU.ActiveCfg = Debug|Any CPU
		{A0E56AA2-5570-45A0-ACD8-06B690EB3BED}.Debug|Any CPU.Build.0 = Debug|Any CPU
		{A0E56AA2-5570-45A0-ACD8-06B690EB3BED}.Release|Any CPU.ActiveCfg = Release|Any CPU
		{A0E56AA2-5570-45A0-ACD8-06B690EB3BED}.Release|Any CPU.Build.0 = Release|Any CPU
		{F1708A86-C7B7-4C4C-B43F-742B253118B7}.Debug|Any CPU.ActiveCfg = Debug|Any CPU
		{F1708A86-C7B7-4C4C-B43F-742B253118B7}.Debug|Any CPU.Build.0 = Debug|Any CPU
		{F1708A86-C7B7-4C4C-B43F-742B253118B7}.Release|Any CPU.ActiveCfg = Release|Any CPU
		{F1708A86-C7B7-4C4C-B43F-742B253118B7}.Release|Any CPU.Build.0 = Release|Any CPU
		{A9BF6C2C-A570-4FA1-9C22-7048B85C0A20}.Debug|Any CPU.ActiveCfg = Debug|Any CPU
		{A9BF6C2C-A570-4FA1-9C22-7048B85C0A20}.Debug|Any CPU.Build.0 = Debug|Any CPU
		{A9BF6C2C-A570-4FA1-9C22-7048B85C0A20}.Release|Any CPU.ActiveCfg = Release|Any CPU
		{A9BF6C2C-A570-4FA1-9C22-7048B85C0A20}.Release|Any CPU.Build.0 = Release|Any CPU
	EndGlobalSection
	GlobalSection(SolutionProperties) = preSolution
		HideSolutionNode = FALSE
	EndGlobalSection
	GlobalSection(ExtensibilityGlobals) = postSolution
		SolutionGuid = {F44F56EA-E22B-4F0A-8D74-FCC279C535A9}
	EndGlobalSection
EndGlobal
