
Microsoft Visual Studio Solution File, Format Version 12.00
# Visual Studio Version 17
VisualStudioVersion = 17.8.34525.116
MinimumVisualStudioVersion = 10.0.40219.1
Project("{FAE04EC0-301F-11D3-BF4B-00C04F79EFBC}") = "Server.Csharp", "Server.Csharp.csproj", "{0285EA41-7314-40FD-8E06-A28E43AB99B8}"
EndProject
Global
	GlobalSection(SolutionConfigurationPlatforms) = preSolution
		Debug|Any CPU = Debug|Any CPU
		Release|Any CPU = Release|Any CPU
	EndGlobalSection
	GlobalSection(ProjectConfigurationPlatforms) = postSolution
		{0285EA41-7314-40FD-8E06-A28E43AB99B8}.Debug|Any CPU.ActiveCfg = Debug|Any CPU
		{0285EA41-7314-40FD-8E06-A28E43AB99B8}.Debug|Any CPU.Build.0 = Debug|Any CPU
		{0285EA41-7314-40FD-8E06-A28E43AB99B8}.Release|Any CPU.ActiveCfg = Release|Any CPU
		{0285EA41-7314-40FD-8E06-A28E43AB99B8}.Release|Any CPU.Build.0 = Release|Any CPU
	EndGlobalSection
	GlobalSection(SolutionProperties) = preSolution
		HideSolutionNode = FALSE
	EndGlobalSection
	GlobalSection(ExtensibilityGlobals) = postSolution
		SolutionGuid = {DF24E619-665F-4835-918A-77CB8E6D9234}
	EndGlobalSection
EndGlobal
